
Microsoft Visual Studio Solution File, Format Version 12.00
# Visual Studio Version 17
VisualStudioVersion = 17.3.32929.385
MinimumVisualStudioVersion = 10.0.40219.1
Project("{FAE04EC0-301F-11D3-BF4B-00C04F79EFBC}") = "Neo4J", "Neo4J\Neo4J.csproj", "{7EA88D8D-93AE-44AE-9717-1D9B68D63F97}"
EndProject
Global
	GlobalSection(SolutionConfigurationPlatforms) = preSolution
		Debug|Any CPU = Debug|Any CPU
		Release|Any CPU = Release|Any CPU
	EndGlobalSection
	GlobalSection(ProjectConfigurationPlatforms) = postSolution
		{7EA88D8D-93AE-44AE-9717-1D9B68D63F97}.Debug|Any CPU.ActiveCfg = Debug|Any CPU
		{7EA88D8D-93AE-44AE-9717-1D9B68D63F97}.Debug|Any CPU.Build.0 = Debug|Any CPU
		{7EA88D8D-93AE-44AE-9717-1D9B68D63F97}.Release|Any CPU.ActiveCfg = Release|Any CPU
		{7EA88D8D-93AE-44AE-9717-1D9B68D63F97}.Release|Any CPU.Build.0 = Release|Any CPU
	EndGlobalSection
	GlobalSection(SolutionProperties) = preSolution
		HideSolutionNode = FALSE
	EndGlobalSection
	GlobalSection(ExtensibilityGlobals) = postSolution
		SolutionGuid = {59F28795-2A84-4FF2-A94A-D7B2992D4C8F}
	EndGlobalSection
EndGlobal
